<?xml version="1.0" encoding="utf-8"?>
<Project ToolsVersion="4.0" xmlns="http://schemas.microsoft.com/developer/msbuild/2003">
  <ItemGroup>
    <Filter Include="Source Files">
      <UniqueIdentifier>{60d8c868-525f-40b6-9ee8-76ac23fcbb0b}</UniqueIdentifier>
      <Extensions>cpp;c;cxx;def;odl;idl;hpj;bat;asm;asmx</Extensions>
    </Filter>
    <Filter Include="Header Files">
      <UniqueIdentifier>{18f9a51b-b4b0-48f4-9f15-272985cb046a}</UniqueIdentifier>
      <Extensions>h;hpp;hxx;hm;inl;inc;xsd</Extensions>
    </Filter>
    <Filter Include="Resource Files">
      <UniqueIdentifier>{61d43084-ffa4-4296-8d1a-80bc73d33f7a}</UniqueIdentifier>
      <Extensions>rc;ico;cur;bmp;dlg;rc2;rct;bin;rgs;gif;jpg;jpeg;jpe;resx</Extensions>
    </Filter>
  </ItemGroup>
  <ItemGroup>
    <ClCompile Include="cBaseLogDriver.cpp">
      <Filter>Source Files</Filter>
    </ClCompile>
    <ClCompile Include="cBaseLogDriverCtor.cpp">
      <Filter>Source Files</Filter>
    </ClCompile>
    <ClCompile Include="cHtmlLogDriver.cpp">
      <Filter>Source Files</Filter>
    </ClCompile>
    <ClCompile Include="cLogFolderCleanUp.cpp">
      <Filter>Source Files</Filter>
    </ClCompile>
    <ClCompile Include="cTextLogDriver.cpp">
      <Filter>Source Files</Filter>
    </ClCompile>
    <ClCompile Include="Main.cpp">
      <Filter>Source Files</Filter>
    </ClCompile>
    <ClCompile Include="stdafx.cpp">
      <Filter>Source Files</Filter>
    </ClCompile>
  </ItemGroup>
  <ItemGroup>
    <ClInclude Include="cBaseLogDriver.h">
      <Filter>Header Files</Filter>
    </ClInclude>
    <ClInclude Include="cBaseLogDriverCtor.h">
      <Filter>Header Files</Filter>
    </ClInclude>
    <ClInclude Include="cHtmlLogDriver.h">
      <Filter>Header Files</Filter>
    </ClInclude>
    <ClInclude Include="cLogFolderCleanUp.h">
      <Filter>Header Files</Filter>
    </ClInclude>
    <ClInclude Include="cTextLogDriver.h">
      <Filter>Header Files</Filter>
    </ClInclude>
    <ClInclude Include="isoTime.h">
      <Filter>Header Files</Filter>
    </ClInclude>
    <ClInclude Include="LogCategories.h">
      <Filter>Header Files</Filter>
    </ClInclude>
    <ClInclude Include="stdafx.h">
      <Filter>Header Files</Filter>
    </ClInclude>
    <ClInclude Include="Version.h">
      <Filter>Resource Files</Filter>
    </ClInclude>
    <ClInclude Include="Win32Resources.h">
      <Filter>Resource Files</Filter>
    </ClInclude>
  </ItemGroup>
  <ItemGroup>
    <ResourceCompile Include="KernelFileLogDriver.rc">
      <Filter>Resource Files</Filter>
    </ResourceCompile>
  </ItemGroup>
  <ItemGroup>
    <None Include="..\..\..\redist\win32\dll_registry\vfs\KernelFileLogDriver.reg">
      <Filter>Resource Files</Filter>
    </None>
  </ItemGroup>
</Project>