<?xml version="1.0" encoding="utf-8"?>
<Project ToolsVersion="4.0" xmlns="http://schemas.microsoft.com/developer/msbuild/2003">
  <ItemGroup>
    <Filter Include="Source Files">
      <UniqueIdentifier>{4FC737F1-C7A5-4376-A066-2A32D752A2FF}</UniqueIdentifier>
      <Extensions>cpp;c;cxx;def;odl;idl;hpj;bat;asm;asmx</Extensions>
    </Filter>
    <Filter Include="Header Files">
      <UniqueIdentifier>{93995380-89BD-4b04-88EB-625FBE52EBFB}</UniqueIdentifier>
      <Extensions>h;hpp;hxx;hm;inl;inc;xsd</Extensions>
    </Filter>
    <Filter Include="Resource Files">
      <UniqueIdentifier>{67DA6AB6-F800-4c08-8B7A-83BB121AAD01}</UniqueIdentifier>
      <Extensions>rc;ico;cur;bmp;dlg;rc2;rct;bin;rgs;gif;jpg;jpeg;jpe;resx</Extensions>
    </Filter>
    <Filter Include="Interface">
      <UniqueIdentifier>{1e021ccc-5d65-46ee-8694-470fba89c0ce}</UniqueIdentifier>
    </Filter>
    <Filter Include="Unit Tests">
      <UniqueIdentifier>{f75b1616-f5de-4adf-b304-04cd2cc5d372}</UniqueIdentifier>
    </Filter>
  </ItemGroup>
  <ItemGroup>
    <ClCompile Include="cBasicFile.cpp">
      <Filter>Source Files</Filter>
    </ClCompile>
    <ClCompile Include="cQCIFSTest.cpp">
      <Filter>Source Files</Filter>
    </ClCompile>
    <ClCompile Include="cSpaceQuery.cpp">
      <Filter>Source Files</Filter>
    </ClCompile>
    <ClCompile Include="cTestLoader.cpp">
      <Filter>Source Files</Filter>
    </ClCompile>
    <ClCompile Include="cTestWriteCallback.cpp">
      <Filter>Source Files</Filter>
    </ClCompile>
    <ClCompile Include="Main.cpp">
      <Filter>Source Files</Filter>
    </ClCompile>
    <ClCompile Include="stdafx.cpp">
      <Filter>Source Files</Filter>
    </ClCompile>
  </ItemGroup>
  <ItemGroup>
    <ClInclude Include="cBasicFile.h">
      <Filter>Header Files</Filter>
    </ClInclude>
    <ClInclude Include="cQCIFSTest.h">
      <Filter>Header Files</Filter>
    </ClInclude>
    <ClInclude Include="cSpaceQuery.h">
      <Filter>Header Files</Filter>
    </ClInclude>
    <ClInclude Include="cTestLoader.h">
      <Filter>Header Files</Filter>
    </ClInclude>
    <ClInclude Include="cTestWriteCallback.h">
      <Filter>Header Files</Filter>
    </ClInclude>
    <ClInclude Include="stdafx.h">
      <Filter>Header Files</Filter>
    </ClInclude>
    <ClInclude Include="Version.h">
      <Filter>Resource Files</Filter>
    </ClInclude>
    <ClInclude Include="Win32Resources.h">
      <Filter>Resource Files</Filter>
    </ClInclude>
    <ClInclude Include="iQCIFSTest.h">
      <Filter>Interface</Filter>
    </ClInclude>
  </ItemGroup>
  <ItemGroup>
    <ResourceCompile Include="QCIFSTest.rc">
      <Filter>Resource Files</Filter>
    </ResourceCompile>
  </ItemGroup>
</Project>