<?xml version="1.0" encoding="utf-8"?>
<Project ToolsVersion="4.0" xmlns="http://schemas.microsoft.com/developer/msbuild/2003">
  <ItemGroup>
    <Filter Include="Implementation">
      <UniqueIdentifier>{49865d5d-e6d7-4e20-8adc-a28fb933036b}</UniqueIdentifier>
    </Filter>
    <Filter Include="Resources">
      <UniqueIdentifier>{901f5c9b-a0cc-4d99-b7b2-951f63062a52}</UniqueIdentifier>
    </Filter>
  </ItemGroup>
  <ItemGroup>
    <ClCompile Include="..\..\KernelExec\cClientServer.cpp">
      <Filter>Implementation</Filter>
    </ClCompile>
    <ClCompile Include="cKernelBootCommsThread.cpp">
      <Filter>Implementation</Filter>
    </ClCompile>
    <ClCompile Include="WinMain.cpp">
      <Filter>Implementation</Filter>
    </ClCompile>
    <ClCompile Include="StdAfx.cpp" />
  </ItemGroup>
  <ItemGroup>
    <ClInclude Include="..\..\KernelExec\cClientServer.h">
      <Filter>Implementation</Filter>
    </ClInclude>
    <ClInclude Include="cKernelBootCommsThread.h">
      <Filter>Implementation</Filter>
    </ClInclude>
    <ClInclude Include="Resource.h">
      <Filter>Resources</Filter>
    </ClInclude>
    <ClInclude Include="LogCategories.h" />
    <ClInclude Include="StdAfx.h" />
  </ItemGroup>
  <ItemGroup>
    <Image Include="App.ico">
      <Filter>Resources</Filter>
    </Image>
  </ItemGroup>
  <ItemGroup>
    <ResourceCompile Include="KernelServer.rc">
      <Filter>Resources</Filter>
    </ResourceCompile>
  </ItemGroup>
  <ItemGroup>
    <None Include="KernelServer.rgs">
      <Filter>Resources</Filter>
    </None>
    <None Include="..\..\Data\x64\System\KernelServer.reg" />
  </ItemGroup>
</Project>