<?xml version="1.0" encoding="utf-8"?>
<Project ToolsVersion="4.0" xmlns="http://schemas.microsoft.com/developer/msbuild/2003">
  <ItemGroup>
    <Filter Include="Source Files">
      <UniqueIdentifier>{4FC737F1-C7A5-4376-A066-2A32D752A2FF}</UniqueIdentifier>
      <Extensions>cpp;c;cxx;def;odl;idl;hpj;bat;asm;asmx</Extensions>
    </Filter>
    <Filter Include="Header Files">
      <UniqueIdentifier>{93995380-89BD-4b04-88EB-625FBE52EBFB}</UniqueIdentifier>
      <Extensions>h;hpp;hxx;hm;inl;inc;xsd</Extensions>
    </Filter>
    <Filter Include="Resource Files">
      <UniqueIdentifier>{67DA6AB6-F800-4c08-8B7A-83BB121AAD01}</UniqueIdentifier>
      <Extensions>rc;ico;cur;bmp;dlg;rc2;rct;bin;rgs;gif;jpg;jpeg;jpe;resx</Extensions>
    </Filter>
    <Filter Include="Interface">
      <UniqueIdentifier>{8e100612-2ba4-4163-ad7f-6134913dc2ba}</UniqueIdentifier>
    </Filter>
  </ItemGroup>
  <ItemGroup>
    <ClCompile Include="cAttributeComposite.cpp">
      <Filter>Source Files</Filter>
    </ClCompile>
    <ClCompile Include="cCallbackChangeListener.cpp">
      <Filter>Source Files</Filter>
    </ClCompile>
    <ClCompile Include="cCallbackComposite.cpp">
      <Filter>Source Files</Filter>
    </ClCompile>
    <ClCompile Include="cCompositeDirLocation.cpp">
      <Filter>Source Files</Filter>
    </ClCompile>
    <ClCompile Include="cConstMemComposite.cpp">
      <Filter>Source Files</Filter>
    </ClCompile>
    <ClCompile Include="cConstNamed.cpp">
      <Filter>Source Files</Filter>
    </ClCompile>
    <ClCompile Include="cDeletableComposite.cpp">
      <Filter>Source Files</Filter>
    </ClCompile>
    <ClCompile Include="cDFSDirLocation.cpp">
      <Filter>Source Files</Filter>
    </ClCompile>
    <ClCompile Include="cDirectoryFactory.cpp">
      <Filter>Source Files</Filter>
    </ClCompile>
    <ClCompile Include="cGenTreeResource.cpp">
      <Filter>Source Files</Filter>
    </ClCompile>
    <ClCompile Include="cMemComposite.cpp">
      <Filter>Source Files</Filter>
    </ClCompile>
    <ClCompile Include="cNotificationHandler.cpp">
      <Filter>Source Files</Filter>
    </ClCompile>
    <ClCompile Include="cNotifyComposite.cpp">
      <Filter>Source Files</Filter>
    </ClCompile>
    <ClCompile Include="cNotifyTree.cpp">
      <Filter>Source Files</Filter>
    </ClCompile>
    <ClCompile Include="cQCIFSFwk.cpp">
      <Filter>Source Files</Filter>
    </ClCompile>
    <ClCompile Include="cQCIFSFwkHelper.cpp">
      <Filter>Source Files</Filter>
    </ClCompile>
    <ClCompile Include="cRealCompositeFactory.cpp">
      <Filter>Source Files</Filter>
    </ClCompile>
    <ClCompile Include="cRealDirLocation.cpp">
      <Filter>Source Files</Filter>
    </ClCompile>
    <ClCompile Include="cRenameHandler.cpp">
      <Filter>Source Files</Filter>
    </ClCompile>
    <ClCompile Include="cSearchListener.cpp">
      <Filter>Source Files</Filter>
    </ClCompile>
    <ClCompile Include="cSearchLocation.cpp">
      <Filter>Source Files</Filter>
    </ClCompile>
    <ClCompile Include="cShare.cpp">
      <Filter>Source Files</Filter>
    </ClCompile>
    <ClCompile Include="cShareInfo.cpp">
      <Filter>Source Files</Filter>
    </ClCompile>
    <ClCompile Include="cTreeResourceFactory.cpp">
      <Filter>Source Files</Filter>
    </ClCompile>
    <ClCompile Include="cVirtualComposite.cpp">
      <Filter>Source Files</Filter>
    </ClCompile>
    <ClCompile Include="cVirtualDirLocation.cpp">
      <Filter>Source Files</Filter>
    </ClCompile>
    <ClCompile Include="cWriteInfo.cpp">
      <Filter>Source Files</Filter>
    </ClCompile>
    <ClCompile Include="Main.cpp">
      <Filter>Source Files</Filter>
    </ClCompile>
    <ClCompile Include="QCIFSFwk.cpp">
      <Filter>Source Files</Filter>
    </ClCompile>
    <ClCompile Include="stdafx.cpp">
      <Filter>Source Files</Filter>
    </ClCompile>
  </ItemGroup>
  <ItemGroup>
    <ClInclude Include="cAttributeComposite.h">
      <Filter>Header Files</Filter>
    </ClInclude>
    <ClInclude Include="cBaseDirLocation.h">
      <Filter>Header Files</Filter>
    </ClInclude>
    <ClInclude Include="cCallbackChangeListener.h">
      <Filter>Header Files</Filter>
    </ClInclude>
    <ClInclude Include="cCallbackComposite.h">
      <Filter>Header Files</Filter>
    </ClInclude>
    <ClInclude Include="cChildLoader.h">
      <Filter>Header Files</Filter>
    </ClInclude>
    <ClInclude Include="cCompositeDirLocation.h">
      <Filter>Header Files</Filter>
    </ClInclude>
    <ClInclude Include="cConstMemComposite.h">
      <Filter>Header Files</Filter>
    </ClInclude>
    <ClInclude Include="cConstNamed.h">
      <Filter>Header Files</Filter>
    </ClInclude>
    <ClInclude Include="cConstRootChildLoader.h">
      <Filter>Header Files</Filter>
    </ClInclude>
    <ClInclude Include="cDeletableComposite.h">
      <Filter>Header Files</Filter>
    </ClInclude>
    <ClInclude Include="cDFSDirLocation.h">
      <Filter>Header Files</Filter>
    </ClInclude>
    <ClInclude Include="cDirectoryFactory.h">
      <Filter>Header Files</Filter>
    </ClInclude>
    <ClInclude Include="cGenTreeResource.h">
      <Filter>Header Files</Filter>
    </ClInclude>
    <ClInclude Include="cLazyLoader.h">
      <Filter>Header Files</Filter>
    </ClInclude>
    <ClInclude Include="cMemComposite.h">
      <Filter>Header Files</Filter>
    </ClInclude>
    <ClInclude Include="cMemDirLocation.h">
      <Filter>Header Files</Filter>
    </ClInclude>
    <ClInclude Include="cMemFileRename.h">
      <Filter>Header Files</Filter>
    </ClInclude>
    <ClInclude Include="cNotificationHandler.h">
      <Filter>Header Files</Filter>
    </ClInclude>
    <ClInclude Include="cNotifyComposite.h">
      <Filter>Header Files</Filter>
    </ClInclude>
    <ClInclude Include="cNotifyTree.h">
      <Filter>Header Files</Filter>
    </ClInclude>
    <ClInclude Include="cQCIFSFwk.h">
      <Filter>Header Files</Filter>
    </ClInclude>
    <ClInclude Include="cQCIFSFwkHelper.h">
      <Filter>Header Files</Filter>
    </ClInclude>
    <ClInclude Include="cRealCompositeFactory.h">
      <Filter>Header Files</Filter>
    </ClInclude>
    <ClInclude Include="cRealDirLocation.h">
      <Filter>Header Files</Filter>
    </ClInclude>
    <ClInclude Include="cRenameHandler.h">
      <Filter>Header Files</Filter>
    </ClInclude>
    <ClInclude Include="cSearchListener.h">
      <Filter>Header Files</Filter>
    </ClInclude>
    <ClInclude Include="cSearchLocation.h">
      <Filter>Header Files</Filter>
    </ClInclude>
    <ClInclude Include="cSearchLocationCache.h">
      <Filter>Header Files</Filter>
    </ClInclude>
    <ClInclude Include="cShare.h">
      <Filter>Header Files</Filter>
    </ClInclude>
    <ClInclude Include="cShareInfo.h">
      <Filter>Header Files</Filter>
    </ClInclude>
    <ClInclude Include="cTreeResourceFactory.h">
      <Filter>Header Files</Filter>
    </ClInclude>
    <ClInclude Include="cVirtualComposite.h">
      <Filter>Header Files</Filter>
    </ClInclude>
    <ClInclude Include="cVirtualDirLocation.h">
      <Filter>Header Files</Filter>
    </ClInclude>
    <ClInclude Include="cWriteInfo.h">
      <Filter>Header Files</Filter>
    </ClInclude>
    <ClInclude Include="LogCategories.h">
      <Filter>Header Files</Filter>
    </ClInclude>
    <ClInclude Include="QTubeOptions.h">
      <Filter>Header Files</Filter>
    </ClInclude>
    <ClInclude Include="stdafx.h">
      <Filter>Header Files</Filter>
    </ClInclude>
    <ClInclude Include="wildcardPattern.h">
      <Filter>Header Files</Filter>
    </ClInclude>
    <ClInclude Include="writeFileSize.h">
      <Filter>Header Files</Filter>
    </ClInclude>
    <ClInclude Include="Version.h">
      <Filter>Resource Files</Filter>
    </ClInclude>
    <ClInclude Include="Win32Resources.h">
      <Filter>Resource Files</Filter>
    </ClInclude>
    <ClInclude Include="iChildLoader.h">
      <Filter>Interface</Filter>
    </ClInclude>
    <ClInclude Include="iChildLoaderVisitor.h">
      <Filter>Interface</Filter>
    </ClInclude>
    <ClInclude Include="iCreate.h">
      <Filter>Interface</Filter>
    </ClInclude>
    <ClInclude Include="iDirectoryFactory.h">
      <Filter>Interface</Filter>
    </ClInclude>
    <ClInclude Include="iDirLocation.h">
      <Filter>Interface</Filter>
    </ClInclude>
    <ClInclude Include="iFactory.h">
      <Filter>Interface</Filter>
    </ClInclude>
    <ClInclude Include="iFileEvent.h">
      <Filter>Interface</Filter>
    </ClInclude>
    <ClInclude Include="iFileLoader.h">
      <Filter>Interface</Filter>
    </ClInclude>
    <ClInclude Include="iFileNameReporter.h">
      <Filter>Interface</Filter>
    </ClInclude>
    <ClInclude Include="iNamed.h">
      <Filter>Interface</Filter>
    </ClInclude>
    <ClInclude Include="iNameMangler.h">
      <Filter>Interface</Filter>
    </ClInclude>
    <ClInclude Include="iNotifyTree.h">
      <Filter>Interface</Filter>
    </ClInclude>
    <ClInclude Include="iQCIFSFwk.h">
      <Filter>Interface</Filter>
    </ClInclude>
    <ClInclude Include="iQCIFSFwkHelper.h">
      <Filter>Interface</Filter>
    </ClInclude>
    <ClInclude Include="iRename.h">
      <Filter>Interface</Filter>
    </ClInclude>
    <ClInclude Include="iRenameHandler.h">
      <Filter>Interface</Filter>
    </ClInclude>
    <ClInclude Include="iRootChildLoader.h">
      <Filter>Interface</Filter>
    </ClInclude>
    <ClInclude Include="iShareInfo.h">
      <Filter>Interface</Filter>
    </ClInclude>
    <ClInclude Include="iSpaceQuery.h">
      <Filter>Interface</Filter>
    </ClInclude>
    <ClInclude Include="iWriteInfo.h">
      <Filter>Interface</Filter>
    </ClInclude>
  </ItemGroup>
  <ItemGroup>
    <ResourceCompile Include="QCIFSFwk.rc">
      <Filter>Resource Files</Filter>
    </ResourceCompile>
  </ItemGroup>
  <ItemGroup>
    <None Include="..\..\..\Data\x64\DLL_Registry\vfs\QCIFSFwk.reg" />
  </ItemGroup>
  <ItemGroup>
    <Text Include="ReadMe.txt" />
  </ItemGroup>
</Project>