<?xml version="1.0" encoding="utf-8"?>
<Project ToolsVersion="4.0" xmlns="http://schemas.microsoft.com/developer/msbuild/2003">
  <ItemGroup>
    <ClCompile Include="stdafx.cpp">
      <Filter>Source Files</Filter>
    </ClCompile>
    <ClCompile Include="Main.cpp">
      <Filter>Source Files</Filter>
    </ClCompile>
    <ClCompile Include="cQCIFSSofa.cpp">
      <Filter>Source Files</Filter>
    </ClCompile>
    <ClCompile Include="cSpaceQuery.cpp">
      <Filter>Source Files</Filter>
    </ClCompile>
    <ClCompile Include="cBasicFile.cpp">
      <Filter>Source Files</Filter>
    </ClCompile>
    <ClCompile Include="cSofaLoader.cpp">
      <Filter>Source Files</Filter>
    </ClCompile>
    <ClCompile Include="cCurlWrapper.cpp">
      <Filter>Source Files</Filter>
    </ClCompile>
    <ClCompile Include="dumpers.cpp">
      <Filter>Source Files</Filter>
    </ClCompile>
  </ItemGroup>
  <ItemGroup>
    <ClInclude Include="Version.h">
      <Filter>Resource Files</Filter>
    </ClInclude>
    <ClInclude Include="Win32Resources.h">
      <Filter>Resource Files</Filter>
    </ClInclude>
    <ClInclude Include="cQCIFSSofa.h">
      <Filter>Header Files</Filter>
    </ClInclude>
    <ClInclude Include="cSpaceQuery.h">
      <Filter>Header Files</Filter>
    </ClInclude>
    <ClInclude Include="stdafx.h">
      <Filter>Header Files</Filter>
    </ClInclude>
    <ClInclude Include="iQCIFSSofa.h">
      <Filter>Interface</Filter>
    </ClInclude>
    <ClInclude Include="cBasicFile.h">
      <Filter>Header Files</Filter>
    </ClInclude>
    <ClInclude Include="cSofaLoader.h">
      <Filter>Header Files</Filter>
    </ClInclude>
    <ClInclude Include="cCurlWrapper.h">
      <Filter>Header Files</Filter>
    </ClInclude>
    <ClInclude Include="dumpers.h">
      <Filter>Header Files</Filter>
    </ClInclude>
  </ItemGroup>
  <ItemGroup>
    <Filter Include="Source Files">
      <UniqueIdentifier>{e9df4382-ffae-47d2-a2ea-8454fc52a31c}</UniqueIdentifier>
    </Filter>
    <Filter Include="Resource Files">
      <UniqueIdentifier>{15cbf07d-26a4-40ef-8e29-dcda2771c69a}</UniqueIdentifier>
    </Filter>
    <Filter Include="Header Files">
      <UniqueIdentifier>{ba9c05e0-2649-4bca-a92a-ecf6cf63a36e}</UniqueIdentifier>
    </Filter>
    <Filter Include="Interface">
      <UniqueIdentifier>{13fbcb35-c3d1-4d5d-bd36-8ce03bc05526}</UniqueIdentifier>
    </Filter>
  </ItemGroup>
  <ItemGroup>
    <ResourceCompile Include="QCIFSSofa.rc">
      <Filter>Resource Files</Filter>
    </ResourceCompile>
  </ItemGroup>
</Project>